{
  "originHash" : "abc123def456",
  "pins" : [
    {
      "identity" : "evmkit-swift",
      "kind" : "remoteSourceControl",
      "location" : "https://github.com/horizontalsystems/EvmKit.Swift.git",
      "state" : {
        "revision" : "abc123def456abc123def456abc123def456abc1",
        "version" : "1.5.3"
      }
    },
    {
      "identity" : "swift-collections",
      "kind" : "remoteSourceControl",
      "location" : "https://github.com/apple/swift-collections",
      "state" : {
        "revision" : "def789abc012def789abc012def789abc012def7",
        "version" : "1.1.4"
      }
    }
  ],
  "version" : 3
}
